// !$*UTF8*$!
{
	archiveVersion = 1;
	classes = {
	};
	objectVersion = 46;
	objects = {

/* Begin PBXBuildFile section */
		22CEED2F1BA5B3930085EF20 /* main.m in Sources */ = {isa = PBXBuildFile; fileRef = 22CEED2E1BA5B3930085EF20 /* main.m */; };
		22CEED321BA5B3930085EF20 /* AppDelegate.m in Sources */ = {isa = PBXBuildFile; fileRef = 22CEED311BA5B3930085EF20 /* AppDelegate.m */; };
		22CEED381BA5B3930085EF20 /* Main.storyboard in Resources */ = {isa = PBXBuildFile; fileRef = 22CEED361BA5B3930085EF20 /* Main.storyboard */; };
		22CEED3A1BA5B3930085EF20 /* Images.xcassets in Resources */ = {isa = PBXBuildFile; fileRef = 22CEED391BA5B3930085EF20 /* Images.xcassets */; };
		22CEED3D1BA5B3930085EF20 /* LaunchScreen.xib in Resources */ = {isa = PBXBuildFile; fileRef = 22CEED3B1BA5B3930085EF20 /* LaunchScreen.xib */; };
		22CEED491BA5B3930085EF20 /* SCTableViewTests.m in Sources */ = {isa = PBXBuildFile; fileRef = 22CEED481BA5B3930085EF20 /* SCTableViewTests.m */; };
		22CEED541BA5B5420085EF20 /* SCTableViewController.m in Sources */ = {isa = PBXBuildFile; fileRef = 22CEED531BA5B5420085EF20 /* SCTableViewController.m */; };
		22CEED571BA5B9A40085EF20 /* SCTableViewCell.m in Sources */ = {isa = PBXBuildFile; fileRef = 22CEED561BA5B9A40085EF20 /* SCTableViewCell.m */; };
		22CEED5A1BA5C4EA0085EF20 /* UIViewExt.m in Sources */ = {isa = PBXBuildFile; fileRef = 22CEED591BA5C4EA0085EF20 /* UIViewExt.m */; };
/* End PBXBuildFile section */

/* Begin PBXContainerItemProxy section */
		22CEED431BA5B3930085EF20 /* PBXContainerItemProxy */ = {
			isa = PBXContainerItemProxy;
			containerPortal = 22CEED211BA5B3920085EF20 /* Project object */;
			proxyType = 1;
			remoteGlobalIDString = 22CEED281BA5B3930085EF20;
			remoteInfo = SCTableView;
		};
/* End PBXContainerItemProxy section */

/* Begin PBXFileReference section */
		22CEED291BA5B3930085EF20 /* SCTableView.app */ = {isa = PBXFileReference; explicitFileType = wrapper.application; includeInIndex = 0; path = SCTableView.app; sourceTree = BUILT_PRODUCTS_DIR; };
		22CEED2D1BA5B3930085EF20 /* Info.plist */ = {isa = PBXFileReference; lastKnownFileType = text.plist.xml; path = Info.plist; sourceTree = "<group>"; };
		22CEED2E1BA5B3930085EF20 /* main.m */ = {isa = PBXFileReference; lastKnownFileType = sourcecode.c.objc; path = main.m; sourceTree = "<group>"; };
		22CEED301BA5B3930085EF20 /* AppDelegate.h */ = {isa = PBXFileReference; lastKnownFileType = sourcecode.c.h; path = AppDelegate.h; sourceTree = "<group>"; };
		22CEED311BA5B3930085EF20 /* AppDelegate.m */ = {isa = PBXFileReference; lastKnownFileType = sourcecode.c.objc; path = AppDelegate.m; sourceTree = "<group>"; };
		22CEED371BA5B3930085EF20 /* Base */ = {isa = PBXFileReference; lastKnownFileType = file.storyboard; name = Base; path = Base.lproj/Main.storyboard; sourceTree = "<group>"; };
		22CEED391BA5B3930085EF20 /* Images.xcassets */ = {isa = PBXFileReference; lastKnownFileType = folder.assetcatalog; path = Images.xcassets; sourceTree = "<group>"; };
		22CEED3C1BA5B3930085EF20 /* Base */ = {isa = PBXFileReference; lastKnownFileType = file.xib; name = Base; path = Base.lproj/LaunchScreen.xib; sourceTree = "<group>"; };
		22CEED421BA5B3930085EF20 /* SCTableViewTests.xctest */ = {isa = PBXFileReference; explicitFileType = wrapper.cfbundle; includeInIndex = 0; path = SCTableViewTests.xctest; sourceTree = BUILT_PRODUCTS_DIR; };
		22CEED471BA5B3930085EF20 /* Info.plist */ = {isa = PBXFileReference; lastKnownFileType = text.plist.xml; path = Info.plist; sourceTree = "<group>"; };
		22CEED481BA5B3930085EF20 /* SCTableViewTests.m */ = {isa = PBXFileReference; lastKnownFileType = sourcecode.c.objc; path = SCTableViewTests.m; sourceTree = "<group>"; };
		22CEED521BA5B5420085EF20 /* SCTableViewController.h */ = {isa = PBXFileReference; fileEncoding = 4; lastKnownFileType = sourcecode.c.h; path = SCTableViewController.h; sourceTree = "<group>"; };
		22CEED531BA5B5420085EF20 /* SCTableViewController.m */ = {isa = PBXFileReference; fileEncoding = 4; lastKnownFileType = sourcecode.c.objc; path = SCTableViewController.m; sourceTree = "<group>"; };
		22CEED551BA5B9A40085EF20 /* SCTableViewCell.h */ = {isa = PBXFileReference; fileEncoding = 4; lastKnownFileType = sourcecode.c.h; path = SCTableViewCell.h; sourceTree = "<group>"; };
		22CEED561BA5B9A40085EF20 /* SCTableViewCell.m */ = {isa = PBXFileReference; fileEncoding = 4; lastKnownFileType = sourcecode.c.objc; path = SCTableViewCell.m; sourceTree = "<group>"; };
		22CEED581BA5C4EA0085EF20 /* UIViewExt.h */ = {isa = PBXFileReference; fileEncoding = 4; lastKnownFileType = sourcecode.c.h; path = UIViewExt.h; sourceTree = "<group>"; };
		22CEED591BA5C4EA0085EF20 /* UIViewExt.m */ = {isa = PBXFileReference; fileEncoding = 4; lastKnownFileType = sourcecode.c.objc; path = UIViewExt.m; sourceTree = "<group>"; };
/* End PBXFileReference section */

/* Begin PBXFrameworksBuildPhase section */
		22CEED261BA5B3930085EF20 /* Frameworks */ = {
			isa = PBXFrameworksBuildPhase;
			buildActionMask = 2147483647;
			files = (
			);
			runOnlyForDeploymentPostprocessing = 0;
		};
		22CEED3F1BA5B3930085EF20 /* Frameworks */ = {
			isa = PBXFrameworksBuildPhase;
			buildActionMask = 2147483647;
			files = (
			);
			runOnlyForDeploymentPostprocessing = 0;
		};
/* End PBXFrameworksBuildPhase section */

/* Begin PBXGroup section */
		22CEED201BA5B3920085EF20 = {
			isa = PBXGroup;
			children = (
				22CEED2B1BA5B3930085EF20 /* SCTableView */,
				22CEED451BA5B3930085EF20 /* SCTableViewTests */,
				22CEED2A1BA5B3930085EF20 /* Products */,
			);
			sourceTree = "<group>";
		};
		22CEED2A1BA5B3930085EF20 /* Products */ = {
			isa = PBXGroup;
			children = (
				22CEED291BA5B3930085EF20 /* SCTableView.app */,
				22CEED421BA5B3930085EF20 /* SCTableViewTests.xctest */,
			);
			name = Products;
			sourceTree = "<group>";
		};
		22CEED2B1BA5B3930085EF20 /* SCTableView */ = {
			isa = PBXGroup;
			children = (
				22DC296C1BADA29D003D28CC /* Views */,
				22DC296B1BADA293003D28CC /* Controllers */,
				22DC29691BADA26B003D28CC /* Utils */,
				22CEED2C1BA5B3930085EF20 /* Supporting Files */,
			);
			path = SCTableView;
			sourceTree = "<group>";
		};
		22CEED2C1BA5B3930085EF20 /* Supporting Files */ = {
			isa = PBXGroup;
			children = (
				22CEED301BA5B3930085EF20 /* AppDelegate.h */,
				22CEED311BA5B3930085EF20 /* AppDelegate.m */,
				22CEED361BA5B3930085EF20 /* Main.storyboard */,
				22CEED391BA5B3930085EF20 /* Images.xcassets */,
				22CEED3B1BA5B3930085EF20 /* LaunchScreen.xib */,
				22CEED2D1BA5B3930085EF20 /* Info.plist */,
				22CEED2E1BA5B3930085EF20 /* main.m */,
			);
			name = "Supporting Files";
			sourceTree = "<group>";
		};
		22CEED451BA5B3930085EF20 /* SCTableViewTests */ = {
			isa = PBXGroup;
			children = (
				22CEED481BA5B3930085EF20 /* SCTableViewTests.m */,
				22CEED461BA5B3930085EF20 /* Supporting Files */,
			);
			path = SCTableViewTests;
			sourceTree = "<group>";
		};
		22CEED461BA5B3930085EF20 /* Supporting Files */ = {
			isa = PBXGroup;
			children = (
				22CEED471BA5B3930085EF20 /* Info.plist */,
			);
			name = "Supporting Files";
			sourceTree = "<group>";
		};
		22DC29691BADA26B003D28CC /* Utils */ = {
			isa = PBXGroup;
			children = (
				22CEED581BA5C4EA0085EF20 /* UIViewExt.h */,
				22CEED591BA5C4EA0085EF20 /* UIViewExt.m */,
			);
			name = Utils;
			sourceTree = "<group>";
		};
		22DC296B1BADA293003D28CC /* Controllers */ = {
			isa = PBXGroup;
			children = (
				22CEED521BA5B5420085EF20 /* SCTableViewController.h */,
				22CEED531BA5B5420085EF20 /* SCTableViewController.m */,
			);
			name = Controllers;
			sourceTree = "<group>";
		};
		22DC296C1BADA29D003D28CC /* Views */ = {
			isa = PBXGroup;
			children = (
				22CEED551BA5B9A40085EF20 /* SCTableViewCell.h */,
				22CEED561BA5B9A40085EF20 /* SCTableViewCell.m */,
			);
			name = Views;
			sourceTree = "<group>";
		};
/* End PBXGroup section */

/* Begin PBXNativeTarget section */
		22CEED281BA5B3930085EF20 /* SCTableView */ = {
			isa = PBXNativeTarget;
			buildConfigurationList = 22CEED4C1BA5B3930085EF20 /* Build configuration list for PBXNativeTarget "SCTableView" */;
			buildPhases = (
				22CEED251BA5B3930085EF20 /* Sources */,
				22CEED261BA5B3930085EF20 /* Frameworks */,
				22CEED271BA5B3930085EF20 /* Resources */,
			);
			buildRules = (
			);
			dependencies = (
			);
			name = SCTableView;
			productName = SCTableView;
			productReference = 22CEED291BA5B3930085EF20 /* SCTableView.app */;
			productType = "com.apple.product-type.application";
		};
		22CEED411BA5B3930085EF20 /* SCTableViewTests */ = {
			isa = PBXNativeTarget;
			buildConfigurationList = 22CEED4F1BA5B3930085EF20 /* Build configuration list for PBXNativeTarget "SCTableViewTests" */;
			buildPhases = (
				22CEED3E1BA5B3930085EF20 /* Sources */,
				22CEED3F1BA5B3930085EF20 /* Frameworks */,
				22CEED401BA5B3930085EF20 /* Resources */,
			);
			buildRules = (
			);
			dependencies = (
				22CEED441BA5B3930085EF20 /* PBXTargetDependency */,
			);
			name = SCTableViewTests;
			productName = SCTableViewTests;
			productReference = 22CEED421BA5B3930085EF20 /* SCTableViewTests.xctest */;
			productType = "com.apple.product-type.bundle.unit-test";
		};
/* End PBXNativeTarget section */

/* Begin PBXProject section */
		22CEED211BA5B3920085EF20 /* Project object */ = {
			isa = PBXProject;
			attributes = {
				LastUpgradeCheck = 0630;
				ORGANIZATIONNAME = "chen Yuheng";
				TargetAttributes = {
					22CEED281BA5B3930085EF20 = {
						CreatedOnToolsVersion = 6.3;
					};
					22CEED411BA5B3930085EF20 = {
						CreatedOnToolsVersion = 6.3;
						TestTargetID = 22CEED281BA5B3930085EF20;
					};
				};
			};
			buildConfigurationList = 22CEED241BA5B3920085EF20 /* Build configuration list for PBXProject "SCTableView" */;
			compatibilityVersion = "Xcode 3.2";
			developmentRegion = English;
			hasScannedForEncodings = 0;
			knownRegions = (
				en,
				Base,
			);
			mainGroup = 22CEED201BA5B3920085EF20;
			productRefGroup = 22CEED2A1BA5B3930085EF20 /* Products */;
			projectDirPath = "";
			projectRoot = "";
			targets = (
				22CEED281BA5B3930085EF20 /* SCTableView */,
				22CEED411BA5B3930085EF20 /* SCTableViewTests */,
			);
		};
/* End PBXProject section */

/* Begin PBXResourcesBuildPhase section */
		22CEED271BA5B3930085EF20 /* Resources */ = {
			isa = PBXResourcesBuildPhase;
			buildActionMask = 2147483647;
			files = (
				22CEED381BA5B3930085EF20 /* Main.storyboard in Resources */,
				22CEED3D1BA5B3930085EF20 /* LaunchScreen.xib in Resources */,
				22CEED3A1BA5B3930085EF20 /* Images.xcassets in Resources */,
			);
			runOnlyForDeploymentPostprocessing = 0;
		};
		22CEED401BA5B3930085EF20 /* Resources */ = {
			isa = PBXResourcesBuildPhase;
			buildActionMask = 2147483647;
			files = (
			);
			runOnlyForDeploymentPostprocessing = 0;
		};
/* End PBXResourcesBuildPhase section */

/* Begin PBXSourcesBuildPhase section */
		22CEED251BA5B3930085EF20 /* Sources */ = {
			isa = PBXSourcesBuildPhase;
			buildActionMask = 2147483647;
			files = (
				22CEED321BA5B3930085EF20 /* AppDelegate.m in Sources */,
				22CEED571BA5B9A40085EF20 /* SCTableViewCell.m in Sources */,
				22CEED5A1BA5C4EA0085EF20 /* UIViewExt.m in Sources */,
				22CEED541BA5B5420085EF20 /* SCTableViewController.m in Sources */,
				22CEED2F1BA5B3930085EF20 /* main.m in Sources */,
			);
			runOnlyForDeploymentPostprocessing = 0;
		};
		22CEED3E1BA5B3930085EF20 /* Sources */ = {
			isa = PBXSourcesBuildPhase;
			buildActionMask = 2147483647;
			files = (
				22CEED491BA5B3930085EF20 /* SCTableViewTests.m in Sources */,
			);
			runOnlyForDeploymentPostprocessing = 0;
		};
/* End PBXSourcesBuildPhase section */

/* Begin PBXTargetDependency section */
		22CEED441BA5B3930085EF20 /* PBXTargetDependency */ = {
			isa = PBXTargetDependency;
			target = 22CEED281BA5B3930085EF20 /* SCTableView */;
			targetProxy = 22CEED431BA5B3930085EF20 /* PBXContainerItemProxy */;
		};
/* End PBXTargetDependency section */

/* Begin PBXVariantGroup section */
		22CEED361BA5B3930085EF20 /* Main.storyboard */ = {
			isa = PBXVariantGroup;
			children = (
				22CEED371BA5B3930085EF20 /* Base */,
			);
			name = Main.storyboard;
			sourceTree = "<group>";
		};
		22CEED3B1BA5B3930085EF20 /* LaunchScreen.xib */ = {
			isa = PBXVariantGroup;
			children = (
				22CEED3C1BA5B3930085EF20 /* Base */,
			);
			name = LaunchScreen.xib;
			sourceTree = "<group>";
		};
/* End PBXVariantGroup section */

/* Begin XCBuildConfiguration section */
		22CEED4A1BA5B3930085EF20 /* Debug */ = {
			isa = XCBuildConfiguration;
			buildSettings = {
				ALWAYS_SEARCH_USER_PATHS = NO;
				CLANG_CXX_LANGUAGE_STANDARD = "gnu++0x";
				CLANG_CXX_LIBRARY = "libc++";
				CLANG_ENABLE_MODULES = YES;
				CLANG_ENABLE_OBJC_ARC = YES;
				CLANG_WARN_BOOL_CONVERSION = YES;
				CLANG_WARN_CONSTANT_CONVERSION = YES;
				CLANG_WARN_DIRECT_OBJC_ISA_USAGE = YES_ERROR;
				CLANG_WARN_EMPTY_BODY = YES;
				CLANG_WARN_ENUM_CONVERSION = YES;
				CLANG_WARN_INT_CONVERSION = YES;
				CLANG_WARN_OBJC_ROOT_CLASS = YES_ERROR;
				CLANG_WARN_UNREACHABLE_CODE = YES;
				CLANG_WARN__DUPLICATE_METHOD_MATCH = YES;
				"CODE_SIGN_IDENTITY[sdk=iphoneos*]" = "iPhone Developer";
				COPY_PHASE_STRIP = NO;
				DEBUG_INFORMATION_FORMAT = "dwarf-with-dsym";
				ENABLE_STRICT_OBJC_MSGSEND = YES;
				GCC_C_LANGUAGE_STANDARD = gnu99;
				GCC_DYNAMIC_NO_PIC = NO;
				GCC_NO_COMMON_BLOCKS = YES;
				GCC_OPTIMIZATION_LEVEL = 0;
				GCC_PREPROCESSOR_DEFINITIONS = (
					"DEBUG=1",
					"$(inherited)",
				);
				GCC_SYMBOLS_PRIVATE_EXTERN = NO;
				GCC_WARN_64_TO_32_BIT_CONVERSION = YES;
				GCC_WARN_ABOUT_RETURN_TYPE = YES_ERROR;
				GCC_WARN_UNDECLARED_SELECTOR = YES;
				GCC_WARN_UNINITIALIZED_AUTOS = YES_AGGRESSIVE;
				GCC_WARN_UNUSED_FUNCTION = YES;
				GCC_WARN_UNUSED_VARIABLE = YES;
				IPHONEOS_DEPLOYMENT_TARGET = 8.3;
				MTL_ENABLE_DEBUG_INFO = YES;
				ONLY_ACTIVE_ARCH = YES;
				SDKROOT = iphoneos;
			};
			name = Debug;
		};
		22CEED4B1BA5B3930085EF20 /* Release */ = {
			isa = XCBuildConfiguration;
			buildSettings = {
				ALWAYS_SEARCH_USER_PATHS = NO;
				CLANG_CXX_LANGUAGE_STANDARD = "gnu++0x";
				CLANG_CXX_LIBRARY = "libc++";
				CLANG_ENABLE_MODULES = YES;
				CLANG_ENABLE_OBJC_ARC = YES;
				CLANG_WARN_BOOL_CONVERSION = YES;
				CLANG_WARN_CONSTANT_CONVERSION = YES;
				CLANG_WARN_DIRECT_OBJC_ISA_USAGE = YES_ERROR;
				CLANG_WARN_EMPTY_BODY = YES;
				CLANG_WARN_ENUM_CONVERSION = YES;
				CLANG_WARN_INT_CONVERSION = YES;
				CLANG_WARN_OBJC_ROOT_CLASS = YES_ERROR;
				CLANG_WARN_UNREACHABLE_CODE = YES;
				CLANG_WARN__DUPLICATE_METHOD_MATCH = YES;
				"CODE_SIGN_IDENTITY[sdk=iphoneos*]" = "iPhone Developer";
				COPY_PHASE_STRIP = NO;
				DEBUG_INFORMATION_FORMAT = "dwarf-with-dsym";
				ENABLE_NS_ASSERTIONS = NO;
				ENABLE_STRICT_OBJC_MSGSEND = YES;
				GCC_C_LANGUAGE_STANDARD = gnu99;
				GCC_NO_COMMON_BLOCKS = YES;
				GCC_WARN_64_TO_32_BIT_CONVERSION = YES;
				GCC_WARN_ABOUT_RETURN_TYPE = YES_ERROR;
				GCC_WARN_UNDECLARED_SELECTOR = YES;
				GCC_WARN_UNINITIALIZED_AUTOS = YES_AGGRESSIVE;
				GCC_WARN_UNUSED_FUNCTION = YES;
				GCC_WARN_UNUSED_VARIABLE = YES;
				IPHONEOS_DEPLOYMENT_TARGET = 8.3;
				MTL_ENABLE_DEBUG_INFO = NO;
				SDKROOT = iphoneos;
				VALIDATE_PRODUCT = YES;
			};
			name = Release;
		};
		22CEED4D1BA5B3930085EF20 /* Debug */ = {
			isa = XCBuildConfiguration;
			buildSettings = {
				ASSETCATALOG_COMPILER_APPICON_NAME = AppIcon;
				ASSETCATALOG_COMPILER_LAUNCHIMAGE_NAME = LaunchImage;
				INFOPLIST_FILE = SCTableView/Info.plist;
				IPHONEOS_DEPLOYMENT_TARGET = 7.0;
				LD_RUNPATH_SEARCH_PATHS = "$(inherited) @executable_path/Frameworks";
				PRODUCT_NAME = "$(TARGET_NAME)";
			};
			name = Debug;
		};
		22CEED4E1BA5B3930085EF20 /* Release */ = {
			isa = XCBuildConfiguration;
			buildSettings = {
				ASSETCATALOG_COMPILER_APPICON_NAME = AppIcon;
				ASSETCATALOG_COMPILER_LAUNCHIMAGE_NAME = LaunchImage;
				INFOPLIST_FILE = SCTableView/Info.plist;
				IPHONEOS_DEPLOYMENT_TARGET = 7.0;
				LD_RUNPATH_SEARCH_PATHS = "$(inherited) @executable_path/Frameworks";
				PRODUCT_NAME = "$(TARGET_NAME)";
			};
			name = Release;
		};
		22CEED501BA5B3930085EF20 /* Debug */ = {
			isa = XCBuildConfiguration;
			buildSettings = {
				BUNDLE_LOADER = "$(TEST_HOST)";
				FRAMEWORK_SEARCH_PATHS = (
					"$(SDKROOT)/Developer/Library/Frameworks",
					"$(inherited)",
				);
				GCC_PREPROCESSOR_DEFINITIONS = (
					"DEBUG=1",
					"$(inherited)",
				);
				INFOPLIST_FILE = SCTableViewTests/Info.plist;
				LD_RUNPATH_SEARCH_PATHS = "$(inherited) @executable_path/Frameworks @loader_path/Frameworks";
				PRODUCT_NAME = "$(TARGET_NAME)";
				TEST_HOST = "$(BUILT_PRODUCTS_DIR)/SCTableView.app/SCTableView";
			};
			name = Debug;
		};
		22CEED511BA5B3930085EF20 /* Release */ = {
			isa = XCBuildConfiguration;
			buildSettings = {
				BUNDLE_LOADER = "$(TEST_HOST)";
				FRAMEWORK_SEARCH_PATHS = (
					"$(SDKROOT)/Developer/Library/Frameworks",
					"$(inherited)",
				);
				INFOPLIST_FILE = SCTableViewTests/Info.plist;
				LD_RUNPATH_SEARCH_PATHS = "$(inherited) @executable_path/Frameworks @loader_path/Frameworks";
				PRODUCT_NAME = "$(TARGET_NAME)";
				TEST_HOST = "$(BUILT_PRODUCTS_DIR)/SCTableView.app/SCTableView";
			};
			name = Release;
		};
/* End XCBuildConfiguration section */

/* Begin XCConfigurationList section */
		22CEED241BA5B3920085EF20 /* Build configuration list for PBXProject "SCTableView" */ = {
			isa = XCConfigurationList;
			buildConfigurations = (
				22CEED4A1BA5B3930085EF20 /* Debug */,
				22CEED4B1BA5B3930085EF20 /* Release */,
			);
			defaultConfigurationIsVisible = 0;
			defaultConfigurationName = Release;
		};
		22CEED4C1BA5B3930085EF20 /* Build configuration list for PBXNativeTarget "SCTableView" */ = {
			isa = XCConfigurationList;
			buildConfigurations = (
				22CEED4D1BA5B3930085EF20 /* Debug */,
				22CEED4E1BA5B3930085EF20 /* Release */,
			);
			defaultConfigurationIsVisible = 0;
			defaultConfigurationName = Release;
		};
		22CEED4F1BA5B3930085EF20 /* Build configuration list for PBXNativeTarget "SCTableViewTests" */ = {
			isa = XCConfigurationList;
			buildConfigurations = (
				22CEED501BA5B3930085EF20 /* Debug */,
				22CEED511BA5B3930085EF20 /* Release */,
			);
			defaultConfigurationIsVisible = 0;
			defaultConfigurationName = Release;
		};
/* End XCConfigurationList section */
	};
	rootObject = 22CEED211BA5B3920085EF20 /* Project object */;
}
